dependencies:
- name: external-secrets
  repository: https://charts.external-secrets.io
  version: 0.19.1
- name: groundcover
  repository: https://helm.groundcover.com
  version: 1.11.997
- name: yuki-duckdb
  repository: file://../duckdb
  version: 0.1.0
digest: sha256:3d377098e763ddb26cf22b454034763850e1cf731d2ae3ba62047f3a6935af03
generated: "2026-09-07T13:11:09.198332+03:00"
