dependencies:
- name: external-secrets
  repository: https://charts.external-secrets.io
  version: 0.19.1
- name: groundcover
  repository: https://helm.groundcover.com
  version: 1.11.852
digest: sha256:f61b157bd29d5e451f2b3b13f2009cc589a3bd9eb5d0e094245482eceb913eff
generated: "2026-06-14T01:25:17.246029+05:30"
