dependencies:
- name: external-secrets
  repository: https://charts.external-secrets.io
  version: 0.19.1
- name: groundcover
  repository: https://helm.groundcover.com
  version: 1.11.997
digest: sha256:5c7e32fdc6bad1c1dbffb65ae54eb227ececcc4ae2d1835c8e917a51c6e0d7c2
generated: "2026-06-15T15:57:36.97033+05:30"
